// !$*UTF8*$!
{
	archiveVersion = 1;
	classes = {
	};
	objectVersion = 56;
	objects = {

/* Begin PBXBuildFile section */
		F4DCC04B2C621BDA00E61E4D /* VictoryChallengesApp.swift in Sources */ = {isa = PBXBuildFile; fileRef = F4DCC04A2C621BDA00E61E4D /* VictoryChallengesApp.swift */; };
		F4DCC04D2C621BDA00E61E4D /* ContentView.swift in Sources */ = {isa = PBXBuildFile; fileRef = F4DCC04C2C621BDA00E61E4D /* ContentView.swift */; };
		F4DCC04F2C621BDD00E61E4D /* Assets.xcassets in Resources */ = {isa = PBXBuildFile; fileRef = F4DCC04E2C621BDD00E61E4D /* Assets.xcassets */; };
		F4DCC0522C621BDD00E61E4D /* Preview Assets.xcassets in Resources */ = {isa = PBXBuildFile; fileRef = F4DCC0512C621BDD00E61E4D /* Preview Assets.xcassets */; };
		F4DCC05A2C621CF500E61E4D /* ChallengeCategory.swift in Sources */ = {isa = PBXBuildFile; fileRef = F4DCC0592C621CF500E61E4D /* ChallengeCategory.swift */; };
		F4DCC05E2C621D9800E61E4D /* ChallengeViewModel.swift in Sources */ = {isa = PBXBuildFile; fileRef = F4DCC05D2C621D9800E61E4D /* ChallengeViewModel.swift */; };
		F4DCC0602C621E0000E61E4D /* SettingsView.swift in Sources */ = {isa = PBXBuildFile; fileRef = F4DCC05F2C621E0000E61E4D /* SettingsView.swift */; };
		F4DCC0622C621E2800E61E4D /* CategorySelectionView.swift in Sources */ = {isa = PBXBuildFile; fileRef = F4DCC0612C621E2800E61E4D /* CategorySelectionView.swift */; };
		F4DCC0642C621E3D00E61E4D /* PlayerSelectionView.swift in Sources */ = {isa = PBXBuildFile; fileRef = F4DCC0632C621E3D00E61E4D /* PlayerSelectionView.swift */; };
		F4DCC0662C621E5B00E61E4D /* ChallengeView.swift in Sources */ = {isa = PBXBuildFile; fileRef = F4DCC0652C621E5B00E61E4D /* ChallengeView.swift */; };
		F4DCC0682C62202400E61E4D /* PlayerNamesView.swift in Sources */ = {isa = PBXBuildFile; fileRef = F4DCC0672C62202400E61E4D /* PlayerNamesView.swift */; };
		F4DCC06B2C62302E00E61E4D /* Lottie in Frameworks */ = {isa = PBXBuildFile; productRef = F4DCC06A2C62302E00E61E4D /* Lottie */; };
		F4DCC0712C6232EF00E61E4D /* LottieAnimationViews.swift in Sources */ = {isa = PBXBuildFile; fileRef = F4DCC0702C6232EF00E61E4D /* LottieAnimationViews.swift */; };
		F4DCC0732C62367000E61E4D /* joystick.json in Resources */ = {isa = PBXBuildFile; fileRef = F4DCC0722C62366F00E61E4D /* joystick.json */; };
		F4DCC0762C6241A000E61E4D /* View+Extension.swift in Sources */ = {isa = PBXBuildFile; fileRef = F4DCC0752C6241A000E61E4D /* View+Extension.swift */; };
		F4DCC0782C6244BA00E61E4D /* settings.json in Resources */ = {isa = PBXBuildFile; fileRef = F4DCC0772C6244B900E61E4D /* settings.json */; };
		F4FD64872C6257E40076B731 /* puzzle.json in Resources */ = {isa = PBXBuildFile; fileRef = F4FD64862C6257E40076B731 /* puzzle.json */; };
		F4FD64892C625A930076B731 /* person.json in Resources */ = {isa = PBXBuildFile; fileRef = F4FD64882C625A930076B731 /* person.json */; };
		F4FD648D2C6351F80076B731 /* UIViewControllerRepresentable.swift in Sources */ = {isa = PBXBuildFile; fileRef = F4FD648C2C6351F80076B731 /* UIViewControllerRepresentable.swift */; };
		F4FD648F2C6360140076B731 /* ResultsView.swift in Sources */ = {isa = PBXBuildFile; fileRef = F4FD648E2C6360140076B731 /* ResultsView.swift */; };
		F4FD64912C6365050076B731 /* vesi.json in Resources */ = {isa = PBXBuildFile; fileRef = F4FD64902C6365050076B731 /* vesi.json */; };
		F4FD64932C63659A0076B731 /* palec_down.json in Resources */ = {isa = PBXBuildFile; fileRef = F4FD64922C63659A0076B731 /* palec_down.json */; };
		F4FD64952C6365B50076B731 /* palec_up.json in Resources */ = {isa = PBXBuildFile; fileRef = F4FD64942C6365B50076B731 /* palec_up.json */; };
		F4FD64972C6366F20076B731 /* chel.json in Resources */ = {isa = PBXBuildFile; fileRef = F4FD64962C6366F20076B731 /* chel.json */; };
		F4FD64992C6367D30076B731 /* chasi.json in Resources */ = {isa = PBXBuildFile; fileRef = F4FD64982C6367D30076B731 /* chasi.json */; };
		F4FD649D2C6372400076B731 /* medal.json in Resources */ = {isa = PBXBuildFile; fileRef = F4FD649C2C6372400076B731 /* medal.json */; };
/* End PBXBuildFile section */

/* Begin PBXFileReference section */
		F4DCC0472C621BDA00E61E4D /* VictoryChallenges.app */ = {isa = PBXFileReference; explicitFileType = wrapper.application; includeInIndex = 0; path = VictoryChallenges.app; sourceTree = BUILT_PRODUCTS_DIR; };
		F4DCC04A2C621BDA00E61E4D /* VictoryChallengesApp.swift */ = {isa = PBXFileReference; lastKnownFileType = sourcecode.swift; path = VictoryChallengesApp.swift; sourceTree = "<group>"; };
		F4DCC04C2C621BDA00E61E4D /* ContentView.swift */ = {isa = PBXFileReference; lastKnownFileType = sourcecode.swift; path = ContentView.swift; sourceTree = "<group>"; };
		F4DCC04E2C621BDD00E61E4D /* Assets.xcassets */ = {isa = PBXFileReference; lastKnownFileType = folder.assetcatalog; path = Assets.xcassets; sourceTree = "<group>"; };
		F4DCC0512C621BDD00E61E4D /* Preview Assets.xcassets */ = {isa = PBXFileReference; lastKnownFileType = folder.assetcatalog; path = "Preview Assets.xcassets"; sourceTree = "<group>"; };
		F4DCC0592C621CF500E61E4D /* ChallengeCategory.swift */ = {isa = PBXFileReference; lastKnownFileType = sourcecode.swift; path = ChallengeCategory.swift; sourceTree = "<group>"; };
		F4DCC05D2C621D9800E61E4D /* ChallengeViewModel.swift */ = {isa = PBXFileReference; lastKnownFileType = sourcecode.swift; path = ChallengeViewModel.swift; sourceTree = "<group>"; };
		F4DCC05F2C621E0000E61E4D /* SettingsView.swift */ = {isa = PBXFileReference; lastKnownFileType = sourcecode.swift; path = SettingsView.swift; sourceTree = "<group>"; };
		F4DCC0612C621E2800E61E4D /* CategorySelectionView.swift */ = {isa = PBXFileReference; lastKnownFileType = sourcecode.swift; path = CategorySelectionView.swift; sourceTree = "<group>"; };
		F4DCC0632C621E3D00E61E4D /* PlayerSelectionView.swift */ = {isa = PBXFileReference; lastKnownFileType = sourcecode.swift; path = PlayerSelectionView.swift; sourceTree = "<group>"; };
		F4DCC0652C621E5B00E61E4D /* ChallengeView.swift */ = {isa = PBXFileReference; lastKnownFileType = sourcecode.swift; path = ChallengeView.swift; sourceTree = "<group>"; };
		F4DCC0672C62202400E61E4D /* PlayerNamesView.swift */ = {isa = PBXFileReference; lastKnownFileType = sourcecode.swift; path = PlayerNamesView.swift; sourceTree = "<group>"; };
		F4DCC0702C6232EF00E61E4D /* LottieAnimationViews.swift */ = {isa = PBXFileReference; lastKnownFileType = sourcecode.swift; path = LottieAnimationViews.swift; sourceTree = "<group>"; };
		F4DCC0722C62366F00E61E4D /* joystick.json */ = {isa = PBXFileReference; fileEncoding = 4; lastKnownFileType = text.json; path = joystick.json; sourceTree = "<group>"; };
		F4DCC0752C6241A000E61E4D /* View+Extension.swift */ = {isa = PBXFileReference; lastKnownFileType = sourcecode.swift; path = "View+Extension.swift"; sourceTree = "<group>"; };
		F4DCC0772C6244B900E61E4D /* settings.json */ = {isa = PBXFileReference; fileEncoding = 4; lastKnownFileType = text.json; path = settings.json; sourceTree = "<group>"; };
		F4FD64862C6257E40076B731 /* puzzle.json */ = {isa = PBXFileReference; fileEncoding = 4; lastKnownFileType = text.json; path = puzzle.json; sourceTree = "<group>"; };
		F4FD64882C625A930076B731 /* person.json */ = {isa = PBXFileReference; fileEncoding = 4; lastKnownFileType = text.json; path = person.json; sourceTree = "<group>"; };
		F4FD648C2C6351F80076B731 /* UIViewControllerRepresentable.swift */ = {isa = PBXFileReference; lastKnownFileType = sourcecode.swift; path = UIViewControllerRepresentable.swift; sourceTree = "<group>"; };
		F4FD648E2C6360140076B731 /* ResultsView.swift */ = {isa = PBXFileReference; lastKnownFileType = sourcecode.swift; path = ResultsView.swift; sourceTree = "<group>"; };
		F4FD64902C6365050076B731 /* vesi.json */ = {isa = PBXFileReference; fileEncoding = 4; lastKnownFileType = text.json; path = vesi.json; sourceTree = "<group>"; };
		F4FD64922C63659A0076B731 /* palec_down.json */ = {isa = PBXFileReference; fileEncoding = 4; lastKnownFileType = text.json; path = palec_down.json; sourceTree = "<group>"; };
		F4FD64942C6365B50076B731 /* palec_up.json */ = {isa = PBXFileReference; fileEncoding = 4; lastKnownFileType = text.json; path = palec_up.json; sourceTree = "<group>"; };
		F4FD64962C6366F20076B731 /* chel.json */ = {isa = PBXFileReference; fileEncoding = 4; lastKnownFileType = text.json; path = chel.json; sourceTree = "<group>"; };
		F4FD64982C6367D30076B731 /* chasi.json */ = {isa = PBXFileReference; fileEncoding = 4; lastKnownFileType = text.json; path = chasi.json; sourceTree = "<group>"; };
		F4FD649C2C6372400076B731 /* medal.json */ = {isa = PBXFileReference; fileEncoding = 4; lastKnownFileType = text.json; path = medal.json; sourceTree = "<group>"; };
/* End PBXFileReference section */

/* Begin PBXFrameworksBuildPhase section */
		F4DCC0442C621BDA00E61E4D /* Frameworks */ = {
			isa = PBXFrameworksBuildPhase;
			buildActionMask = 2147483647;
			files = (
				F4DCC06B2C62302E00E61E4D /* Lottie in Frameworks */,
			);
			runOnlyForDeploymentPostprocessing = 0;
		};
/* End PBXFrameworksBuildPhase section */

/* Begin PBXGroup section */
		F4DCC03E2C621BDA00E61E4D = {
			isa = PBXGroup;
			children = (
				F4DCC0492C621BDA00E61E4D /* VictoryChallenges */,
				F4DCC0482C621BDA00E61E4D /* Products */,
			);
			sourceTree = "<group>";
		};
		F4DCC0482C621BDA00E61E4D /* Products */ = {
			isa = PBXGroup;
			children = (
				F4DCC0472C621BDA00E61E4D /* VictoryChallenges.app */,
			);
			name = Products;
			sourceTree = "<group>";
		};
		F4DCC0492C621BDA00E61E4D /* VictoryChallenges */ = {
			isa = PBXGroup;
			children = (
				F4DCC0742C62418C00E61E4D /* Extensions */,
				F4DCC05C2C621D7700E61E4D /* Views */,
				F4DCC05B2C621D2D00E61E4D /* ViewModel */,
				F4DCC0582C621CD000E61E4D /* Model */,
				F4DCC06C2C6230DF00E61E4D /* Resources */,
				F4DCC0502C621BDD00E61E4D /* Preview Content */,
			);
			path = VictoryChallenges;
			sourceTree = "<group>";
		};
		F4DCC0502C621BDD00E61E4D /* Preview Content */ = {
			isa = PBXGroup;
			children = (
				F4DCC0512C621BDD00E61E4D /* Preview Assets.xcassets */,
			);
			path = "Preview Content";
			sourceTree = "<group>";
		};
		F4DCC0582C621CD000E61E4D /* Model */ = {
			isa = PBXGroup;
			children = (
				F4DCC0592C621CF500E61E4D /* ChallengeCategory.swift */,
			);
			path = Model;
			sourceTree = "<group>";
		};
		F4DCC05B2C621D2D00E61E4D /* ViewModel */ = {
			isa = PBXGroup;
			children = (
				F4DCC05D2C621D9800E61E4D /* ChallengeViewModel.swift */,
			);
			path = ViewModel;
			sourceTree = "<group>";
		};
		F4DCC05C2C621D7700E61E4D /* Views */ = {
			isa = PBXGroup;
			children = (
				F4DCC04A2C621BDA00E61E4D /* VictoryChallengesApp.swift */,
				F4DCC04C2C621BDA00E61E4D /* ContentView.swift */,
				F4DCC05F2C621E0000E61E4D /* SettingsView.swift */,
				F4DCC0612C621E2800E61E4D /* CategorySelectionView.swift */,
				F4DCC0632C621E3D00E61E4D /* PlayerSelectionView.swift */,
				F4DCC0652C621E5B00E61E4D /* ChallengeView.swift */,
				F4DCC0672C62202400E61E4D /* PlayerNamesView.swift */,
				F4DCC0702C6232EF00E61E4D /* LottieAnimationViews.swift */,
				F4FD648E2C6360140076B731 /* ResultsView.swift */,
			);
			path = Views;
			sourceTree = "<group>";
		};
		F4DCC06C2C6230DF00E61E4D /* Resources */ = {
			isa = PBXGroup;
			children = (
				F4DCC06D2C62314200E61E4D /* json */,
				F4DCC04E2C621BDD00E61E4D /* Assets.xcassets */,
			);
			path = Resources;
			sourceTree = "<group>";
		};
		F4DCC06D2C62314200E61E4D /* json */ = {
			isa = PBXGroup;
			children = (
				F4FD649C2C6372400076B731 /* medal.json */,
				F4FD64982C6367D30076B731 /* chasi.json */,
				F4FD64962C6366F20076B731 /* chel.json */,
				F4FD64942C6365B50076B731 /* palec_up.json */,
				F4FD64922C63659A0076B731 /* palec_down.json */,
				F4FD64902C6365050076B731 /* vesi.json */,
				F4FD64882C625A930076B731 /* person.json */,
				F4FD64862C6257E40076B731 /* puzzle.json */,
				F4DCC0772C6244B900E61E4D /* settings.json */,
				F4DCC0722C62366F00E61E4D /* joystick.json */,
			);
			path = json;
			sourceTree = "<group>";
		};
		F4DCC0742C62418C00E61E4D /* Extensions */ = {
			isa = PBXGroup;
			children = (
				F4DCC0752C6241A000E61E4D /* View+Extension.swift */,
				F4FD648C2C6351F80076B731 /* UIViewControllerRepresentable.swift */,
			);
			path = Extensions;
			sourceTree = "<group>";
		};
/* End PBXGroup section */

/* Begin PBXNativeTarget section */
		F4DCC0462C621BDA00E61E4D /* VictoryChallenges */ = {
			isa = PBXNativeTarget;
			buildConfigurationList = F4DCC0552C621BDD00E61E4D /* Build configuration list for PBXNativeTarget "VictoryChallenges" */;
			buildPhases = (
				F4DCC0432C621BDA00E61E4D /* Sources */,
				F4DCC0442C621BDA00E61E4D /* Frameworks */,
				F4DCC0452C621BDA00E61E4D /* Resources */,
			);
			buildRules = (
			);
			dependencies = (
			);
			name = VictoryChallenges;
			packageProductDependencies = (
				F4DCC06A2C62302E00E61E4D /* Lottie */,
			);
			productName = VictoryChallenges;
			productReference = F4DCC0472C621BDA00E61E4D /* VictoryChallenges.app */;
			productType = "com.apple.product-type.application";
		};
/* End PBXNativeTarget section */

/* Begin PBXProject section */
		F4DCC03F2C621BDA00E61E4D /* Project object */ = {
			isa = PBXProject;
			attributes = {
				BuildIndependentTargetsInParallel = 1;
				LastSwiftUpdateCheck = 1540;
				LastUpgradeCheck = 1540;
				TargetAttributes = {
					F4DCC0462C621BDA00E61E4D = {
						CreatedOnToolsVersion = 15.4;
					};
				};
			};
			buildConfigurationList = F4DCC0422C621BDA00E61E4D /* Build configuration list for PBXProject "VictoryChallenges" */;
			compatibilityVersion = "Xcode 14.0";
			developmentRegion = en;
			hasScannedForEncodings = 0;
			knownRegions = (
				en,
				Base,
			);
			mainGroup = F4DCC03E2C621BDA00E61E4D;
			packageReferences = (
				F4DCC0692C62302E00E61E4D /* XCRemoteSwiftPackageReference "lottie-spm" */,
			);
			productRefGroup = F4DCC0482C621BDA00E61E4D /* Products */;
			projectDirPath = "";
			projectRoot = "";
			targets = (
				F4DCC0462C621BDA00E61E4D /* VictoryChallenges */,
			);
		};
/* End PBXProject section */

/* Begin PBXResourcesBuildPhase section */
		F4DCC0452C621BDA00E61E4D /* Resources */ = {
			isa = PBXResourcesBuildPhase;
			buildActionMask = 2147483647;
			files = (
				F4FD64992C6367D30076B731 /* chasi.json in Resources */,
				F4FD64972C6366F20076B731 /* chel.json in Resources */,
				F4FD64892C625A930076B731 /* person.json in Resources */,
				F4FD64872C6257E40076B731 /* puzzle.json in Resources */,
				F4FD64952C6365B50076B731 /* palec_up.json in Resources */,
				F4FD649D2C6372400076B731 /* medal.json in Resources */,
				F4DCC0782C6244BA00E61E4D /* settings.json in Resources */,
				F4FD64932C63659A0076B731 /* palec_down.json in Resources */,
				F4FD64912C6365050076B731 /* vesi.json in Resources */,
				F4DCC0522C621BDD00E61E4D /* Preview Assets.xcassets in Resources */,
				F4DCC0732C62367000E61E4D /* joystick.json in Resources */,
				F4DCC04F2C621BDD00E61E4D /* Assets.xcassets in Resources */,
			);
			runOnlyForDeploymentPostprocessing = 0;
		};
/* End PBXResourcesBuildPhase section */

/* Begin PBXSourcesBuildPhase section */
		F4DCC0432C621BDA00E61E4D /* Sources */ = {
			isa = PBXSourcesBuildPhase;
			buildActionMask = 2147483647;
			files = (
				F4DCC0602C621E0000E61E4D /* SettingsView.swift in Sources */,
				F4DCC05A2C621CF500E61E4D /* ChallengeCategory.swift in Sources */,
				F4FD648F2C6360140076B731 /* ResultsView.swift in Sources */,
				F4DCC04D2C621BDA00E61E4D /* ContentView.swift in Sources */,
				F4DCC0642C621E3D00E61E4D /* PlayerSelectionView.swift in Sources */,
				F4DCC0662C621E5B00E61E4D /* ChallengeView.swift in Sources */,
				F4DCC05E2C621D9800E61E4D /* ChallengeViewModel.swift in Sources */,
				F4DCC04B2C621BDA00E61E4D /* VictoryChallengesApp.swift in Sources */,
				F4DCC0762C6241A000E61E4D /* View+Extension.swift in Sources */,
				F4DCC0622C621E2800E61E4D /* CategorySelectionView.swift in Sources */,
				F4DCC0712C6232EF00E61E4D /* LottieAnimationViews.swift in Sources */,
				F4DCC0682C62202400E61E4D /* PlayerNamesView.swift in Sources */,
				F4FD648D2C6351F80076B731 /* UIViewControllerRepresentable.swift in Sources */,
			);
			runOnlyForDeploymentPostprocessing = 0;
		};
/* End PBXSourcesBuildPhase section */

/* Begin XCBuildConfiguration section */
		F4DCC0532C621BDD00E61E4D /* Debug */ = {
			isa = XCBuildConfiguration;
			buildSettings = {
				ALWAYS_SEARCH_USER_PATHS = NO;
				ASSETCATALOG_COMPILER_GENERATE_SWIFT_ASSET_SYMBOL_EXTENSIONS = YES;
				CLANG_ANALYZER_NONNULL = YES;
				CLANG_ANALYZER_NUMBER_OBJECT_CONVERSION = YES_AGGRESSIVE;
				CLANG_CXX_LANGUAGE_STANDARD = "gnu++20";
				CLANG_ENABLE_MODULES = YES;
				CLANG_ENABLE_OBJC_ARC = YES;
				CLANG_ENABLE_OBJC_WEAK = YES;
				CLANG_WARN_BLOCK_CAPTURE_AUTORELEASING = YES;
				CLANG_WARN_BOOL_CONVERSION = YES;
				CLANG_WARN_COMMA = YES;
				CLANG_WARN_CONSTANT_CONVERSION = YES;
				CLANG_WARN_DEPRECATED_OBJC_IMPLEMENTATIONS = YES;
				CLANG_WARN_DIRECT_OBJC_ISA_USAGE = YES_ERROR;
				CLANG_WARN_DOCUMENTATION_COMMENTS = YES;
				CLANG_WARN_EMPTY_BODY = YES;
				CLANG_WARN_ENUM_CONVERSION = YES;
				CLANG_WARN_INFINITE_RECURSION = YES;
				CLANG_WARN_INT_CONVERSION = YES;
				CLANG_WARN_NON_LITERAL_NULL_CONVERSION = YES;
				CLANG_WARN_OBJC_IMPLICIT_RETAIN_SELF = YES;
				CLANG_WARN_OBJC_LITERAL_CONVERSION = YES;
				CLANG_WARN_OBJC_ROOT_CLASS = YES_ERROR;
				CLANG_WARN_QUOTED_INCLUDE_IN_FRAMEWORK_HEADER = YES;
				CLANG_WARN_RANGE_LOOP_ANALYSIS = YES;
				CLANG_WARN_STRICT_PROTOTYPES = YES;
				CLANG_WARN_SUSPICIOUS_MOVE = YES;
				CLANG_WARN_UNGUARDED_AVAILABILITY = YES_AGGRESSIVE;
				CLANG_WARN_UNREACHABLE_CODE = YES;
				CLANG_WARN__DUPLICATE_METHOD_MATCH = YES;
				COPY_PHASE_STRIP = NO;
				DEBUG_INFORMATION_FORMAT = dwarf;
				ENABLE_STRICT_OBJC_MSGSEND = YES;
				ENABLE_TESTABILITY = YES;
				ENABLE_USER_SCRIPT_SANDBOXING = YES;
				GCC_C_LANGUAGE_STANDARD = gnu17;
				GCC_DYNAMIC_NO_PIC = NO;
				GCC_NO_COMMON_BLOCKS = YES;
				GCC_OPTIMIZATION_LEVEL = 0;
				GCC_PREPROCESSOR_DEFINITIONS = (
					"DEBUG=1",
					"$(inherited)",
				);
				GCC_WARN_64_TO_32_BIT_CONVERSION = YES;
				GCC_WARN_ABOUT_RETURN_TYPE = YES_ERROR;
				GCC_WARN_UNDECLARED_SELECTOR = YES;
				GCC_WARN_UNINITIALIZED_AUTOS = YES_AGGRESSIVE;
				GCC_WARN_UNUSED_FUNCTION = YES;
				GCC_WARN_UNUSED_VARIABLE = YES;
				IPHONEOS_DEPLOYMENT_TARGET = 16.0;
				LOCALIZATION_PREFERS_STRING_CATALOGS = YES;
				MTL_ENABLE_DEBUG_INFO = INCLUDE_SOURCE;
				MTL_FAST_MATH = YES;
				ONLY_ACTIVE_ARCH = YES;
				SDKROOT = iphoneos;
				SWIFT_ACTIVE_COMPILATION_CONDITIONS = "DEBUG $(inherited)";
				SWIFT_OPTIMIZATION_LEVEL = "-Onone";
			};
			name = Debug;
		};
		F4DCC0542C621BDD00E61E4D /* Release */ = {
			isa = XCBuildConfiguration;
			buildSettings = {
				ALWAYS_SEARCH_USER_PATHS = NO;
				ASSETCATALOG_COMPILER_GENERATE_SWIFT_ASSET_SYMBOL_EXTENSIONS = YES;
				CLANG_ANALYZER_NONNULL = YES;
				CLANG_ANALYZER_NUMBER_OBJECT_CONVERSION = YES_AGGRESSIVE;
				CLANG_CXX_LANGUAGE_STANDARD = "gnu++20";
				CLANG_ENABLE_MODULES = YES;
				CLANG_ENABLE_OBJC_ARC = YES;
				CLANG_ENABLE_OBJC_WEAK = YES;
				CLANG_WARN_BLOCK_CAPTURE_AUTORELEASING = YES;
				CLANG_WARN_BOOL_CONVERSION = YES;
				CLANG_WARN_COMMA = YES;
				CLANG_WARN_CONSTANT_CONVERSION = YES;
				CLANG_WARN_DEPRECATED_OBJC_IMPLEMENTATIONS = YES;
				CLANG_WARN_DIRECT_OBJC_ISA_USAGE = YES_ERROR;
				CLANG_WARN_DOCUMENTATION_COMMENTS = YES;
				CLANG_WARN_EMPTY_BODY = YES;
				CLANG_WARN_ENUM_CONVERSION = YES;
				CLANG_WARN_INFINITE_RECURSION = YES;
				CLANG_WARN_INT_CONVERSION = YES;
				CLANG_WARN_NON_LITERAL_NULL_CONVERSION = YES;
				CLANG_WARN_OBJC_IMPLICIT_RETAIN_SELF = YES;
				CLANG_WARN_OBJC_LITERAL_CONVERSION = YES;
				CLANG_WARN_OBJC_ROOT_CLASS = YES_ERROR;
				CLANG_WARN_QUOTED_INCLUDE_IN_FRAMEWORK_HEADER = YES;
				CLANG_WARN_RANGE_LOOP_ANALYSIS = YES;
				CLANG_WARN_STRICT_PROTOTYPES = YES;
				CLANG_WARN_SUSPICIOUS_MOVE = YES;
				CLANG_WARN_UNGUARDED_AVAILABILITY = YES_AGGRESSIVE;
				CLANG_WARN_UNREACHABLE_CODE = YES;
				CLANG_WARN__DUPLICATE_METHOD_MATCH = YES;
				COPY_PHASE_STRIP = NO;
				DEBUG_INFORMATION_FORMAT = "dwarf-with-dsym";
				ENABLE_NS_ASSERTIONS = NO;
				ENABLE_STRICT_OBJC_MSGSEND = YES;
				ENABLE_USER_SCRIPT_SANDBOXING = YES;
				GCC_C_LANGUAGE_STANDARD = gnu17;
				GCC_NO_COMMON_BLOCKS = YES;
				GCC_WARN_64_TO_32_BIT_CONVERSION = YES;
				GCC_WARN_ABOUT_RETURN_TYPE = YES_ERROR;
				GCC_WARN_UNDECLARED_SELECTOR = YES;
				GCC_WARN_UNINITIALIZED_AUTOS = YES_AGGRESSIVE;
				GCC_WARN_UNUSED_FUNCTION = YES;
				GCC_WARN_UNUSED_VARIABLE = YES;
				IPHONEOS_DEPLOYMENT_TARGET = 16.0;
				LOCALIZATION_PREFERS_STRING_CATALOGS = YES;
				MTL_ENABLE_DEBUG_INFO = NO;
				MTL_FAST_MATH = YES;
				SDKROOT = iphoneos;
				SWIFT_COMPILATION_MODE = wholemodule;
				VALIDATE_PRODUCT = YES;
			};
			name = Release;
		};
		F4DCC0562C621BDD00E61E4D /* Debug */ = {
			isa = XCBuildConfiguration;
			buildSettings = {
				ASSETCATALOG_COMPILER_APPICON_NAME = AppIcon;
				ASSETCATALOG_COMPILER_GLOBAL_ACCENT_COLOR_NAME = AccentColor;
				CODE_SIGN_STYLE = Manual;
				CURRENT_PROJECT_VERSION = 1;
				DEVELOPMENT_ASSET_PATHS = "\"VictoryChallenges/Preview Content\"";
				DEVELOPMENT_TEAM = "";
				ENABLE_PREVIEWS = YES;
				GENERATE_INFOPLIST_FILE = YES;
				INFOPLIST_KEY_LSApplicationCategoryType = "public.app-category.games";
				INFOPLIST_KEY_UIApplicationSceneManifest_Generation = YES;
				INFOPLIST_KEY_UIApplicationSupportsIndirectInputEvents = YES;
				INFOPLIST_KEY_UILaunchScreen_Generation = YES;
				INFOPLIST_KEY_UISupportedInterfaceOrientations = UIInterfaceOrientationPortrait;
				INFOPLIST_KEY_UISupportedInterfaceOrientations_iPad = "UIInterfaceOrientationLandscapeLeft UIInterfaceOrientationLandscapeRight UIInterfaceOrientationPortrait UIInterfaceOrientationPortraitUpsideDown";
				IPHONEOS_DEPLOYMENT_TARGET = 16.0;
				LD_RUNPATH_SEARCH_PATHS = (
					"$(inherited)",
					"@executable_path/Frameworks",
				);
				MARKETING_VERSION = 1.0;
				PRODUCT_BUNDLE_IDENTIFIER = by.com.victory.challenges.app;
				PRODUCT_NAME = "$(TARGET_NAME)";
				PROVISIONING_PROFILE_SPECIFIER = "";
				SUPPORTED_PLATFORMS = "iphoneos iphonesimulator";
				SUPPORTS_MACCATALYST = NO;
				SUPPORTS_MAC_DESIGNED_FOR_IPHONE_IPAD = NO;
				SUPPORTS_XR_DESIGNED_FOR_IPHONE_IPAD = NO;
				SWIFT_EMIT_LOC_STRINGS = YES;
				SWIFT_VERSION = 5.0;
				TARGETED_DEVICE_FAMILY = 1;
			};
			name = Debug;
		};
		F4DCC0572C621BDD00E61E4D /* Release */ = {
			isa = XCBuildConfiguration;
			buildSettings = {
				ASSETCATALOG_COMPILER_APPICON_NAME = AppIcon;
				ASSETCATALOG_COMPILER_GLOBAL_ACCENT_COLOR_NAME = AccentColor;
				CODE_SIGN_STYLE = Manual;
				CURRENT_PROJECT_VERSION = 1;
				DEVELOPMENT_ASSET_PATHS = "\"VictoryChallenges/Preview Content\"";
				DEVELOPMENT_TEAM = "";
				ENABLE_PREVIEWS = YES;
				GENERATE_INFOPLIST_FILE = YES;
				INFOPLIST_KEY_LSApplicationCategoryType = "public.app-category.games";
				INFOPLIST_KEY_UIApplicationSceneManifest_Generation = YES;
				INFOPLIST_KEY_UIApplicationSupportsIndirectInputEvents = YES;
				INFOPLIST_KEY_UILaunchScreen_Generation = YES;
				INFOPLIST_KEY_UISupportedInterfaceOrientations = UIInterfaceOrientationPortrait;
				INFOPLIST_KEY_UISupportedInterfaceOrientations_iPad = "UIInterfaceOrientationLandscapeLeft UIInterfaceOrientationLandscapeRight UIInterfaceOrientationPortrait UIInterfaceOrientationPortraitUpsideDown";
				IPHONEOS_DEPLOYMENT_TARGET = 16.0;
				LD_RUNPATH_SEARCH_PATHS = (
					"$(inherited)",
					"@executable_path/Frameworks",
				);
				MARKETING_VERSION = 1.0;
				PRODUCT_BUNDLE_IDENTIFIER = by.com.victory.challenges.app;
				PRODUCT_NAME = "$(TARGET_NAME)";
				PROVISIONING_PROFILE_SPECIFIER = "";
				SUPPORTED_PLATFORMS = "iphoneos iphonesimulator";
				SUPPORTS_MACCATALYST = NO;
				SUPPORTS_MAC_DESIGNED_FOR_IPHONE_IPAD = NO;
				SUPPORTS_XR_DESIGNED_FOR_IPHONE_IPAD = NO;
				SWIFT_EMIT_LOC_STRINGS = YES;
				SWIFT_VERSION = 5.0;
				TARGETED_DEVICE_FAMILY = 1;
			};
			name = Release;
		};
/* End XCBuildConfiguration section */

/* Begin XCConfigurationList section */
		F4DCC0422C621BDA00E61E4D /* Build configuration list for PBXProject "VictoryChallenges" */ = {
			isa = XCConfigurationList;
			buildConfigurations = (
				F4DCC0532C621BDD00E61E4D /* Debug */,
				F4DCC0542C621BDD00E61E4D /* Release */,
			);
			defaultConfigurationIsVisible = 0;
			defaultConfigurationName = Release;
		};
		F4DCC0552C621BDD00E61E4D /* Build configuration list for PBXNativeTarget "VictoryChallenges" */ = {
			isa = XCConfigurationList;
			buildConfigurations = (
				F4DCC0562C621BDD00E61E4D /* Debug */,
				F4DCC0572C621BDD00E61E4D /* Release */,
			);
			defaultConfigurationIsVisible = 0;
			defaultConfigurationName = Release;
		};
/* End XCConfigurationList section */

/* Begin XCRemoteSwiftPackageReference section */
		F4DCC0692C62302E00E61E4D /* XCRemoteSwiftPackageReference "lottie-spm" */ = {
			isa = XCRemoteSwiftPackageReference;
			repositoryURL = "https://github.com/airbnb/lottie-spm.git";
			requirement = {
				kind = upToNextMajorVersion;
				minimumVersion = 4.5.0;
			};
		};
/* End XCRemoteSwiftPackageReference section */

/* Begin XCSwiftPackageProductDependency section */
		F4DCC06A2C62302E00E61E4D /* Lottie */ = {
			isa = XCSwiftPackageProductDependency;
			package = F4DCC0692C62302E00E61E4D /* XCRemoteSwiftPackageReference "lottie-spm" */;
			productName = Lottie;
		};
/* End XCSwiftPackageProductDependency section */
	};
	rootObject = F4DCC03F2C621BDA00E61E4D /* Project object */;
}
